
Microsoft Visual Studio Solution File, Format Version 12.00
# Visual Studio Version 17
VisualStudioVersion = 17.10.34928.147
MinimumVisualStudioVersion = 10.0.40219.1
Project("{FAE04EC0-301F-11D3-BF4B-00C04F79EFBC}") = "GenericTypesWithConstraints", "GenericTypesWithConstraints\GenericTypesWithConstraints.csproj", "{EB1DE554-95C6-409D-A2FB-F20925F61048}"
EndProject
Global
	GlobalSection(SolutionConfigurationPlatforms) = preSolution
		Debug|Any CPU = Debug|Any CPU
		Release|Any CPU = Release|Any CPU
	EndGlobalSection
	GlobalSection(ProjectConfigurationPlatforms) = postSolution
		{EB1DE554-95C6-409D-A2FB-F20925F61048}.Debug|Any CPU.ActiveCfg = Debug|Any CPU
		{EB1DE554-95C6-409D-A2FB-F20925F61048}.Debug|Any CPU.Build.0 = Debug|Any CPU
		{EB1DE554-95C6-409D-A2FB-F20925F61048}.Release|Any CPU.ActiveCfg = Release|Any CPU
		{EB1DE554-95C6-409D-A2FB-F20925F61048}.Release|Any CPU.Build.0 = Release|Any CPU
	EndGlobalSection
	GlobalSection(SolutionProperties) = preSolution
		HideSolutionNode = FALSE
	EndGlobalSection
	GlobalSection(ExtensibilityGlobals) = postSolution
		SolutionGuid = {0BF3A20D-0B62-47A5-B95F-C728075CCFB5}
	EndGlobalSection
EndGlobal
