
Microsoft Visual Studio Solution File, Format Version 12.00
# Visual Studio Version 17
VisualStudioVersion = 17.10.34928.147
MinimumVisualStudioVersion = 10.0.40219.1
Project("{FAE04EC0-301F-11D3-BF4B-00C04F79EFBC}") = "AbstractClasses", "AbstractClasses\AbstractClasses.csproj", "{3438A49D-0D19-485C-88EB-BFFFE9DAC958}"
EndProject
Global
	GlobalSection(SolutionConfigurationPlatforms) = preSolution
		Debug|Any CPU = Debug|Any CPU
		Release|Any CPU = Release|Any CPU
	EndGlobalSection
	GlobalSection(ProjectConfigurationPlatforms) = postSolution
		{3438A49D-0D19-485C-88EB-BFFFE9DAC958}.Debug|Any CPU.ActiveCfg = Debug|Any CPU
		{3438A49D-0D19-485C-88EB-BFFFE9DAC958}.Debug|Any CPU.Build.0 = Debug|Any CPU
		{3438A49D-0D19-485C-88EB-BFFFE9DAC958}.Release|Any CPU.ActiveCfg = Release|Any CPU
		{3438A49D-0D19-485C-88EB-BFFFE9DAC958}.Release|Any CPU.Build.0 = Release|Any CPU
	EndGlobalSection
	GlobalSection(SolutionProperties) = preSolution
		HideSolutionNode = FALSE
	EndGlobalSection
	GlobalSection(ExtensibilityGlobals) = postSolution
		SolutionGuid = {C6C653A1-25E4-4970-B383-F7538198B447}
	EndGlobalSection
EndGlobal
