
Microsoft Visual Studio Solution File, Format Version 12.00
# Visual Studio Version 17
VisualStudioVersion = 17.10.34928.147
MinimumVisualStudioVersion = 10.0.40219.1
Project("{FAE04EC0-301F-11D3-BF4B-00C04F79EFBC}") = "GenericTypes", "GenericTypes\GenericTypes.csproj", "{19419721-FA70-46AF-AD70-615B37E4CC68}"
EndProject
Global
	GlobalSection(SolutionConfigurationPlatforms) = preSolution
		Debug|Any CPU = Debug|Any CPU
		Release|Any CPU = Release|Any CPU
	EndGlobalSection
	GlobalSection(ProjectConfigurationPlatforms) = postSolution
		{19419721-FA70-46AF-AD70-615B37E4CC68}.Debug|Any CPU.ActiveCfg = Debug|Any CPU
		{19419721-FA70-46AF-AD70-615B37E4CC68}.Debug|Any CPU.Build.0 = Debug|Any CPU
		{19419721-FA70-46AF-AD70-615B37E4CC68}.Release|Any CPU.ActiveCfg = Release|Any CPU
		{19419721-FA70-46AF-AD70-615B37E4CC68}.Release|Any CPU.Build.0 = Release|Any CPU
	EndGlobalSection
	GlobalSection(SolutionProperties) = preSolution
		HideSolutionNode = FALSE
	EndGlobalSection
	GlobalSection(ExtensibilityGlobals) = postSolution
		SolutionGuid = {A1E59F9B-D093-401C-A85E-086BFC9EAA08}
	EndGlobalSection
EndGlobal
