
Microsoft Visual Studio Solution File, Format Version 12.00
# Visual Studio Version 17
VisualStudioVersion = 17.10.34928.147
MinimumVisualStudioVersion = 10.0.40219.1
Project("{FAE04EC0-301F-11D3-BF4B-00C04F79EFBC}") = "DefaultInterfaceMethods", "DefaultInterfaceMethods\DefaultInterfaceMethods.csproj", "{010201C8-01C4-4305-B738-1406A54D55FE}"
EndProject
Global
	GlobalSection(SolutionConfigurationPlatforms) = preSolution
		Debug|Any CPU = Debug|Any CPU
		Release|Any CPU = Release|Any CPU
	EndGlobalSection
	GlobalSection(ProjectConfigurationPlatforms) = postSolution
		{010201C8-01C4-4305-B738-1406A54D55FE}.Debug|Any CPU.ActiveCfg = Debug|Any CPU
		{010201C8-01C4-4305-B738-1406A54D55FE}.Debug|Any CPU.Build.0 = Debug|Any CPU
		{010201C8-01C4-4305-B738-1406A54D55FE}.Release|Any CPU.ActiveCfg = Release|Any CPU
		{010201C8-01C4-4305-B738-1406A54D55FE}.Release|Any CPU.Build.0 = Release|Any CPU
	EndGlobalSection
	GlobalSection(SolutionProperties) = preSolution
		HideSolutionNode = FALSE
	EndGlobalSection
	GlobalSection(ExtensibilityGlobals) = postSolution
		SolutionGuid = {74346291-0DE0-4140-9C00-4D58A230CB4A}
	EndGlobalSection
EndGlobal
