
Microsoft Visual Studio Solution File, Format Version 12.00
# Visual Studio Version 17
VisualStudioVersion = 17.10.34928.147
MinimumVisualStudioVersion = 10.0.40219.1
Project("{FAE04EC0-301F-11D3-BF4B-00C04F79EFBC}") = "CommandLineArguments", "CommandLineArguments\CommandLineArguments.csproj", "{5E73CDF0-C8EA-44CF-BD2D-A6BB68CC73D1}"
EndProject
Global
	GlobalSection(SolutionConfigurationPlatforms) = preSolution
		Debug|Any CPU = Debug|Any CPU
		Release|Any CPU = Release|Any CPU
	EndGlobalSection
	GlobalSection(ProjectConfigurationPlatforms) = postSolution
		{5E73CDF0-C8EA-44CF-BD2D-A6BB68CC73D1}.Debug|Any CPU.ActiveCfg = Debug|Any CPU
		{5E73CDF0-C8EA-44CF-BD2D-A6BB68CC73D1}.Debug|Any CPU.Build.0 = Debug|Any CPU
		{5E73CDF0-C8EA-44CF-BD2D-A6BB68CC73D1}.Release|Any CPU.ActiveCfg = Release|Any CPU
		{5E73CDF0-C8EA-44CF-BD2D-A6BB68CC73D1}.Release|Any CPU.Build.0 = Release|Any CPU
	EndGlobalSection
	GlobalSection(SolutionProperties) = preSolution
		HideSolutionNode = FALSE
	EndGlobalSection
	GlobalSection(ExtensibilityGlobals) = postSolution
		SolutionGuid = {DD74F0AC-4C35-4E9B-B254-BF00812E874D}
	EndGlobalSection
EndGlobal
