
Microsoft Visual Studio Solution File, Format Version 12.00
# Visual Studio Version 17
VisualStudioVersion = 17.10.34928.147
MinimumVisualStudioVersion = 10.0.40219.1
Project("{FAE04EC0-301F-11D3-BF4B-00C04F79EFBC}") = "ProgramFlow", "ProgramFlow\ProgramFlow.csproj", "{90AE2198-ECCF-4E27-8D34-52032C6EFDCD}"
EndProject
Global
	GlobalSection(SolutionConfigurationPlatforms) = preSolution
		Debug|Any CPU = Debug|Any CPU
		Release|Any CPU = Release|Any CPU
	EndGlobalSection
	GlobalSection(ProjectConfigurationPlatforms) = postSolution
		{90AE2198-ECCF-4E27-8D34-52032C6EFDCD}.Debug|Any CPU.ActiveCfg = Debug|Any CPU
		{90AE2198-ECCF-4E27-8D34-52032C6EFDCD}.Debug|Any CPU.Build.0 = Debug|Any CPU
		{90AE2198-ECCF-4E27-8D34-52032C6EFDCD}.Release|Any CPU.ActiveCfg = Release|Any CPU
		{90AE2198-ECCF-4E27-8D34-52032C6EFDCD}.Release|Any CPU.Build.0 = Release|Any CPU
	EndGlobalSection
	GlobalSection(SolutionProperties) = preSolution
		HideSolutionNode = FALSE
	EndGlobalSection
	GlobalSection(ExtensibilityGlobals) = postSolution
		SolutionGuid = {FA74A70D-0EFC-46A5-8FE5-A96874212E19}
	EndGlobalSection
EndGlobal
