
Microsoft Visual Studio Solution File, Format Version 12.00
# Visual Studio Version 17
VisualStudioVersion = 17.10.34928.147
MinimumVisualStudioVersion = 10.0.40219.1
Project("{FAE04EC0-301F-11D3-BF4B-00C04F79EFBC}") = "Structures", "Structures\Structures.csproj", "{AF74101B-9598-4C62-B887-828A3489B198}"
EndProject
Global
	GlobalSection(SolutionConfigurationPlatforms) = preSolution
		Debug|Any CPU = Debug|Any CPU
		Release|Any CPU = Release|Any CPU
	EndGlobalSection
	GlobalSection(ProjectConfigurationPlatforms) = postSolution
		{AF74101B-9598-4C62-B887-828A3489B198}.Debug|Any CPU.ActiveCfg = Debug|Any CPU
		{AF74101B-9598-4C62-B887-828A3489B198}.Debug|Any CPU.Build.0 = Debug|Any CPU
		{AF74101B-9598-4C62-B887-828A3489B198}.Release|Any CPU.ActiveCfg = Release|Any CPU
		{AF74101B-9598-4C62-B887-828A3489B198}.Release|Any CPU.Build.0 = Release|Any CPU
	EndGlobalSection
	GlobalSection(SolutionProperties) = preSolution
		HideSolutionNode = FALSE
	EndGlobalSection
	GlobalSection(ExtensibilityGlobals) = postSolution
		SolutionGuid = {DC305C0A-DF8F-45E3-B009-C40ABDF9BEB8}
	EndGlobalSection
EndGlobal
