
Microsoft Visual Studio Solution File, Format Version 12.00
# Visual Studio Version 17
VisualStudioVersion = 17.10.34928.147
MinimumVisualStudioVersion = 10.0.40219.1
Project("{FAE04EC0-301F-11D3-BF4B-00C04F79EFBC}") = "Interfaces", "Interfaces\Interfaces.csproj", "{C626BFAB-C01C-4B0D-A7FD-96B73B3A1234}"
EndProject
Global
	GlobalSection(SolutionConfigurationPlatforms) = preSolution
		Debug|Any CPU = Debug|Any CPU
		Release|Any CPU = Release|Any CPU
	EndGlobalSection
	GlobalSection(ProjectConfigurationPlatforms) = postSolution
		{C626BFAB-C01C-4B0D-A7FD-96B73B3A1234}.Debug|Any CPU.ActiveCfg = Debug|Any CPU
		{C626BFAB-C01C-4B0D-A7FD-96B73B3A1234}.Debug|Any CPU.Build.0 = Debug|Any CPU
		{C626BFAB-C01C-4B0D-A7FD-96B73B3A1234}.Release|Any CPU.ActiveCfg = Release|Any CPU
		{C626BFAB-C01C-4B0D-A7FD-96B73B3A1234}.Release|Any CPU.Build.0 = Release|Any CPU
	EndGlobalSection
	GlobalSection(SolutionProperties) = preSolution
		HideSolutionNode = FALSE
	EndGlobalSection
	GlobalSection(ExtensibilityGlobals) = postSolution
		SolutionGuid = {E8113AD0-6920-422E-BFB9-E3249A09276D}
	EndGlobalSection
EndGlobal
